Microsoft Visual Studio Solution File, Format Version 11.00
# Visual Studio 2008

Project("{15C41234-B165-4936-3F46-30FB9CCF8D5B}") = "GameWeek_2016", "Assembly-CSharp.csproj", "{9A3B019B-79E3-5558-CD32-45885E7AA916}"
EndProject
Project("{15C41234-B165-4936-3F46-30FB9CCF8D5B}") = "GameWeek_2016", "Assembly-CSharp-Editor.csproj", "{1C7FE511-C317-A853-7FB0-3D10495815A8}"
EndProject
Global
	GlobalSection(SolutionConfigurationPlatforms) = preSolution
		Debug|Any CPU = Debug|Any CPU
		Release|Any CPU = Release|Any CPU
	EndGlobalSection
	GlobalSection(ProjectConfigurationPlatforms) = postSolution
		{9A3B019B-79E3-5558-CD32-45885E7AA916}.Debug|Any CPU.ActiveCfg = Debug|Any CPU
		{9A3B019B-79E3-5558-CD32-45885E7AA916}.Debug|Any CPU.Build.0 = Debug|Any CPU
		{9A3B019B-79E3-5558-CD32-45885E7AA916}.Release|Any CPU.ActiveCfg = Release|Any CPU
		{9A3B019B-79E3-5558-CD32-45885E7AA916}.Release|Any CPU.Build.0 = Release|Any CPU
		{1C7FE511-C317-A853-7FB0-3D10495815A8}.Debug|Any CPU.ActiveCfg = Debug|Any CPU
		{1C7FE511-C317-A853-7FB0-3D10495815A8}.Debug|Any CPU.Build.0 = Debug|Any CPU
		{1C7FE511-C317-A853-7FB0-3D10495815A8}.Release|Any CPU.ActiveCfg = Release|Any CPU
		{1C7FE511-C317-A853-7FB0-3D10495815A8}.Release|Any CPU.Build.0 = Release|Any CPU
	EndGlobalSection
	GlobalSection(SolutionProperties) = preSolution
		HideSolutionNode = FALSE
	EndGlobalSection
	GlobalSection(MonoDevelopProperties) = preSolution
		StartupItem = Assembly-CSharp.csproj
	EndGlobalSection
EndGlobal
